
Microsoft Visual Studio Solution File, Format Version 12.00
# Visual Studio Version 16
VisualStudioVersion = 16.0.30105.148
MinimumVisualStudioVersion = 10.0.40219.1
Project("{FAE04EC0-301F-11D3-BF4B-00C04F79EFBC}") = "SampleApp", "SampleApp\SampleApp.csproj", "{8D8EBBFD-518E-4CDB-A9E2-55F80B720CC9}"
EndProject
Project("{9A19103F-16F7-4668-BE54-9A1E7A4F7556}") = "NetCoreSampleApp", "NetCoreSampleApp\NetCoreSampleApp.csproj", "{4C5F6E69-1342-4402-875B-FD145F2CDA20}"
EndProject
Project("{151D2E53-A2C4-4D7D-83FE-D05416EBD58E}") = "ArmTemplates", "ArmTemplates\ArmTemplates.deployproj", "{E2DF3ECF-5B52-4C69-8689-905BD4D527BB}"
EndProject
Global
	GlobalSection(SolutionConfigurationPlatforms) = preSolution
		Debug|Any CPU = Debug|Any CPU
		Release|Any CPU = Release|Any CPU
	EndGlobalSection
	GlobalSection(ProjectConfigurationPlatforms) = postSolution
		{8D8EBBFD-518E-4CDB-A9E2-55F80B720CC9}.Debug|Any CPU.ActiveCfg = Debug|Any CPU
		{8D8EBBFD-518E-4CDB-A9E2-55F80B720CC9}.Debug|Any CPU.Build.0 = Debug|Any CPU
		{8D8EBBFD-518E-4CDB-A9E2-55F80B720CC9}.Release|Any CPU.ActiveCfg = Release|Any CPU
		{8D8EBBFD-518E-4CDB-A9E2-55F80B720CC9}.Release|Any CPU.Build.0 = Release|Any CPU
		{4C5F6E69-1342-4402-875B-FD145F2CDA20}.Debug|Any CPU.ActiveCfg = Debug|Any CPU
		{4C5F6E69-1342-4402-875B-FD145F2CDA20}.Debug|Any CPU.Build.0 = Debug|Any CPU
		{4C5F6E69-1342-4402-875B-FD145F2CDA20}.Release|Any CPU.ActiveCfg = Release|Any CPU
		{4C5F6E69-1342-4402-875B-FD145F2CDA20}.Release|Any CPU.Build.0 = Release|Any CPU
		{E2DF3ECF-5B52-4C69-8689-905BD4D527BB}.Debug|Any CPU.ActiveCfg = Debug|Any CPU
		{E2DF3ECF-5B52-4C69-8689-905BD4D527BB}.Debug|Any CPU.Build.0 = Debug|Any CPU
		{E2DF3ECF-5B52-4C69-8689-905BD4D527BB}.Release|Any CPU.ActiveCfg = Release|Any CPU
		{E2DF3ECF-5B52-4C69-8689-905BD4D527BB}.Release|Any CPU.Build.0 = Release|Any CPU
	EndGlobalSection
	GlobalSection(SolutionProperties) = preSolution
		HideSolutionNode = FALSE
	EndGlobalSection
	GlobalSection(ExtensibilityGlobals) = postSolution
		SolutionGuid = {DD16DEA6-A52C-4EF7-B488-59D2B8BFBB7D}
	EndGlobalSection
EndGlobal
